// !$*UTF8*$!
{
	archiveVersion = 1;
	classes = {
	};
	objectVersion = 46;
	objects = {

/* Begin PBXBuildFile section */
		900723A61BD592B7009793A0 /* main.m in Sources */ = {isa = PBXBuildFile; fileRef = 900723A51BD592B7009793A0 /* main.m */; };
		900723A91BD592B7009793A0 /* AppDelegate.m in Sources */ = {isa = PBXBuildFile; fileRef = 900723A81BD592B7009793A0 /* AppDelegate.m */; };
		900723AC1BD592B7009793A0 /* ViewController.m in Sources */ = {isa = PBXBuildFile; fileRef = 900723AB1BD592B7009793A0 /* ViewController.m */; };
		900723AF1BD592B8009793A0 /* Main.storyboard in Resources */ = {isa = PBXBuildFile; fileRef = 900723AD1BD592B8009793A0 /* Main.storyboard */; };
		900723B11BD592B8009793A0 /* Assets.xcassets in Resources */ = {isa = PBXBuildFile; fileRef = 900723B01BD592B8009793A0 /* Assets.xcassets */; };
		900723B41BD592B8009793A0 /* LaunchScreen.storyboard in Resources */ = {isa = PBXBuildFile; fileRef = 900723B21BD592B8009793A0 /* LaunchScreen.storyboard */; };
		900723BF1BD592B9009793A0 /* MapTrackTests.m in Sources */ = {isa = PBXBuildFile; fileRef = 900723BE1BD592B9009793A0 /* MapTrackTests.m */; };
		900723CA1BD592BA009793A0 /* MapTrackUITests.m in Sources */ = {isa = PBXBuildFile; fileRef = 900723C91BD592BA009793A0 /* MapTrackUITests.m */; };
		900723D81BD5958E009793A0 /* MapKit.framework in Frameworks */ = {isa = PBXBuildFile; fileRef = 900723D71BD5958E009793A0 /* MapKit.framework */; };
		900723E31BD6AAA9009793A0 /* maptracker-icon-29.png in Resources */ = {isa = PBXBuildFile; fileRef = 900723DA1BD6AAA9009793A0 /* maptracker-icon-29.png */; };
		900723E41BD6AAA9009793A0 /* maptracker-icon-40.png in Resources */ = {isa = PBXBuildFile; fileRef = 900723DB1BD6AAA9009793A0 /* maptracker-icon-40.png */; };
		900723E61BD6AAA9009793A0 /* maptracker-icon-76.png in Resources */ = {isa = PBXBuildFile; fileRef = 900723DD1BD6AAA9009793A0 /* maptracker-icon-76.png */; };
		900723E71BD6AAA9009793A0 /* maptracker-icon-80.png in Resources */ = {isa = PBXBuildFile; fileRef = 900723DE1BD6AAA9009793A0 /* maptracker-icon-80.png */; };
		900723E81BD6AAA9009793A0 /* maptracker-icon-87.png in Resources */ = {isa = PBXBuildFile; fileRef = 900723DF1BD6AAA9009793A0 /* maptracker-icon-87.png */; };
		900723E91BD6AAA9009793A0 /* maptracker-icon-120.png in Resources */ = {isa = PBXBuildFile; fileRef = 900723E01BD6AAA9009793A0 /* maptracker-icon-120.png */; };
		900723EA1BD6AAA9009793A0 /* maptracker-icon-152.png in Resources */ = {isa = PBXBuildFile; fileRef = 900723E11BD6AAA9009793A0 /* maptracker-icon-152.png */; };
		900723EB1BD6AAA9009793A0 /* maptracker-icon-180.png in Resources */ = {isa = PBXBuildFile; fileRef = 900723E21BD6AAA9009793A0 /* maptracker-icon-180.png */; };
		900723ED1BD6AAE5009793A0 /* maptracker-icon-58.png in Resources */ = {isa = PBXBuildFile; fileRef = 900723EC1BD6AAE5009793A0 /* maptracker-icon-58.png */; };
		900723F11BD6B18E009793A0 /* icon-track-100.png in Resources */ = {isa = PBXBuildFile; fileRef = 900723F01BD6B18E009793A0 /* icon-track-100.png */; };
		900723F41BD6B42D009793A0 /* StyleButton.m in Sources */ = {isa = PBXBuildFile; fileRef = 900723F31BD6B42D009793A0 /* StyleButton.m */; };
		900723F61BD6C7AF009793A0 /* icon-waypointadd-100.png in Resources */ = {isa = PBXBuildFile; fileRef = 900723F51BD6C7AE009793A0 /* icon-waypointadd-100.png */; };
		900723F81BD6CC47009793A0 /* waypoint-default-25x28.png in Resources */ = {isa = PBXBuildFile; fileRef = 900723F71BD6CC47009793A0 /* waypoint-default-25x28.png */; };
		900723FD1BD6DC7D009793A0 /* waypoint-offscreen-15.png in Resources */ = {isa = PBXBuildFile; fileRef = 900723FC1BD6DC7D009793A0 /* waypoint-offscreen-15.png */; };
		900723FF1BD6E541009793A0 /* userlocation-offscreen-15.png in Resources */ = {isa = PBXBuildFile; fileRef = 900723FE1BD6E541009793A0 /* userlocation-offscreen-15.png */; };
		90115C2C1BE4080E002E8B20 /* icon-userlocationlock-100.png in Resources */ = {isa = PBXBuildFile; fileRef = 90115C2B1BE4080E002E8B20 /* icon-userlocationlock-100.png */; };
		901B79681BE7FF0F00D28CD2 /* ok-mnt-places.kml in Resources */ = {isa = PBXBuildFile; fileRef = 90A5A28D1BD9AB5800FFE3F1 /* ok-mnt-places.kml */; };
		901B79691BE7FF0F00D28CD2 /* ok-mnt-park.kml in Resources */ = {isa = PBXBuildFile; fileRef = 90A5A27C1BD93FB300FFE3F1 /* ok-mnt-park.kml */; };
		901B796A1BE7FF0F00D28CD2 /* ok-mnt-park.png in Resources */ = {isa = PBXBuildFile; fileRef = 90A5A27D1BD93FB300FFE3F1 /* ok-mnt-park.png */; };
		901B796B1BE7FF0F00D28CD2 /* ok-mnt-wild-horse-canyon.kml in Resources */ = {isa = PBXBuildFile; fileRef = 904CFD1E1BDB02AA004947CD /* ok-mnt-wild-horse-canyon.kml */; };
		901B796C1BE7FF0F00D28CD2 /* tracklog-0.json in Resources */ = {isa = PBXBuildFile; fileRef = 904953861BE3EFF3006D32BD /* tracklog-0.json */; };
		901B796D1BE7FF0F00D28CD2 /* tracklog-1.json in Resources */ = {isa = PBXBuildFile; fileRef = 904953871BE3EFF3006D32BD /* tracklog-1.json */; };
		901B796E1BE7FF0F00D28CD2 /* tracklog-2.json in Resources */ = {isa = PBXBuildFile; fileRef = 904953881BE3EFF3006D32BD /* tracklog-2.json */; };
		90424EC71BE2857900ADA8E6 /* icon-waypointcamera-100.png in Resources */ = {isa = PBXBuildFile; fileRef = 90424EC61BE2857900ADA8E6 /* icon-waypointcamera-100.png */; };
		904BFAEB1BE7CD0400014109 /* xsm_edit.png in Resources */ = {isa = PBXBuildFile; fileRef = 904BFAEA1BE7CD0300014109 /* xsm_edit.png */; };
		904CFD211BDC86AA004947CD /* icon-layers-100.png in Resources */ = {isa = PBXBuildFile; fileRef = 904CFD201BDC86AA004947CD /* icon-layers-100.png */; };
		904CFD231BDC8918004947CD /* icon-userlocation-100.png in Resources */ = {isa = PBXBuildFile; fileRef = 904CFD221BDC8918004947CD /* icon-userlocation-100.png */; };
		90A5A2841BD940B800FFE3F1 /* SaxKmlParser.m in Sources */ = {isa = PBXBuildFile; fileRef = 90A5A2831BD940B800FFE3F1 /* SaxKmlParser.m */; };
		90A5A2891BD95A6600FFE3F1 /* MKImageOverlay.m in Sources */ = {isa = PBXBuildFile; fileRef = 90A5A2881BD95A6600FFE3F1 /* MKImageOverlay.m */; };
		90A5A28C1BD95A7600FFE3F1 /* MKImageOverlayRenderer.m in Sources */ = {isa = PBXBuildFile; fileRef = 90A5A28B1BD95A7600FFE3F1 /* MKImageOverlayRenderer.m */; };
		90AAFE761BE7F3EB00CF927C /* SaxParserTests.m in Sources */ = {isa = PBXBuildFile; fileRef = 90AAFE751BE7F3EB00CF927C /* SaxParserTests.m */; };
		90AEDFF21BE2D4B7002316FF /* MKPhotoAnnotation.m in Sources */ = {isa = PBXBuildFile; fileRef = 90AEDFF11BE2D4B7002316FF /* MKPhotoAnnotation.m */; };
		90B920D91BE179A6004CC6EF /* icon-waypointdrop-100.png in Resources */ = {isa = PBXBuildFile; fileRef = 90B920D81BE179A6004CC6EF /* icon-waypointdrop-100.png */; };
		90CB07811BE01370004F9183 /* MKOffscreenFeatureRenderer.m in Sources */ = {isa = PBXBuildFile; fileRef = 90CB07801BE01370004F9183 /* MKOffscreenFeatureRenderer.m */; };
		90CB07861BE02E0E004F9183 /* MKUserTracker.m in Sources */ = {isa = PBXBuildFile; fileRef = 90CB07851BE02E0E004F9183 /* MKUserTracker.m */; };
		90EB2CA91BE3402100C0F975 /* MockCLLocationManager.m in Sources */ = {isa = PBXBuildFile; fileRef = 90EB2CA81BE3402100C0F975 /* MockCLLocationManager.m */; };
/* End PBXBuildFile section */

/* Begin PBXContainerItemProxy section */
		900723BB1BD592B9009793A0 /* PBXContainerItemProxy */ = {
			isa = PBXContainerItemProxy;
			containerPortal = 900723991BD592B4009793A0 /* Project object */;
			proxyType = 1;
			remoteGlobalIDString = 900723A01BD592B6009793A0;
			remoteInfo = MapTrack;
		};
		900723C61BD592B9009793A0 /* PBXContainerItemProxy */ = {
			isa = PBXContainerItemProxy;
			containerPortal = 900723991BD592B4009793A0 /* Project object */;
			proxyType = 1;
			remoteGlobalIDString = 900723A01BD592B6009793A0;
			remoteInfo = MapTrack;
		};
/* End PBXContainerItemProxy section */

/* Begin PBXFileReference section */
		900723A11BD592B7009793A0 /* MapTrack.app */ = {isa = PBXFileReference; explicitFileType = wrapper.application; includeInIndex = 0; path = MapTrack.app; sourceTree = BUILT_PRODUCTS_DIR; };
		900723A51BD592B7009793A0 /* main.m */ = {isa = PBXFileReference; lastKnownFileType = sourcecode.c.objc; path = main.m; sourceTree = "<group>"; };
		900723A71BD592B7009793A0 /* AppDelegate.h */ = {isa = PBXFileReference; lastKnownFileType = sourcecode.c.h; path = AppDelegate.h; sourceTree = "<group>"; };
		900723A81BD592B7009793A0 /* AppDelegate.m */ = {isa = PBXFileReference; lastKnownFileType = sourcecode.c.objc; path = AppDelegate.m; sourceTree = "<group>"; };
		900723AA1BD592B7009793A0 /* ViewController.h */ = {isa = PBXFileReference; lastKnownFileType = sourcecode.c.h; path = ViewController.h; sourceTree = "<group>"; };
		900723AB1BD592B7009793A0 /* ViewController.m */ = {isa = PBXFileReference; lastKnownFileType = sourcecode.c.objc; path = ViewController.m; sourceTree = "<group>"; };
		900723AE1BD592B8009793A0 /* Base */ = {isa = PBXFileReference; lastKnownFileType = file.storyboard; name = Base; path = Base.lproj/Main.storyboard; sourceTree = "<group>"; };
		900723B01BD592B8009793A0 /* Assets.xcassets */ = {isa = PBXFileReference; lastKnownFileType = folder.assetcatalog; path = Assets.xcassets; sourceTree = "<group>"; };
		900723B31BD592B8009793A0 /* Base */ = {isa = PBXFileReference; lastKnownFileType = file.storyboard; name = Base; path = Base.lproj/LaunchScreen.storyboard; sourceTree = "<group>"; };
		900723B51BD592B8009793A0 /* Info.plist */ = {isa = PBXFileReference; lastKnownFileType = text.plist.xml; path = Info.plist; sourceTree = "<group>"; };
		900723BA1BD592B9009793A0 /* MapTrackTests.xctest */ = {isa = PBXFileReference; explicitFileType = wrapper.cfbundle; includeInIndex = 0; path = MapTrackTests.xctest; sourceTree = BUILT_PRODUCTS_DIR; };
		900723BE1BD592B9009793A0 /* MapTrackTests.m */ = {isa = PBXFileReference; lastKnownFileType = sourcecode.c.objc; path = MapTrackTests.m; sourceTree = "<group>"; };
		900723C01BD592B9009793A0 /* Info.plist */ = {isa = PBXFileReference; lastKnownFileType = text.plist.xml; path = Info.plist; sourceTree = "<group>"; };
		900723C51BD592B9009793A0 /* MapTrackUITests.xctest */ = {isa = PBXFileReference; explicitFileType = wrapper.cfbundle; includeInIndex = 0; path = MapTrackUITests.xctest; sourceTree = BUILT_PRODUCTS_DIR; };
		900723C91BD592BA009793A0 /* MapTrackUITests.m */ = {isa = PBXFileReference; lastKnownFileType = sourcecode.c.objc; path = MapTrackUITests.m; sourceTree = "<group>"; };
		900723CB1BD592BA009793A0 /* Info.plist */ = {isa = PBXFileReference; lastKnownFileType = text.plist.xml; path = Info.plist; sourceTree = "<group>"; };
		900723D71BD5958E009793A0 /* MapKit.framework */ = {isa = PBXFileReference; lastKnownFileType = wrapper.framework; name = MapKit.framework; path = System/Library/Frameworks/MapKit.framework; sourceTree = SDKROOT; };
		900723D91BD6A948009793A0 /* appicon.xcf */ = {isa = PBXFileReference; lastKnownFileType = file; path = appicon.xcf; sourceTree = "<group>"; };
		900723DA1BD6AAA9009793A0 /* maptracker-icon-29.png */ = {isa = PBXFileReference; lastKnownFileType = image.png; path = "maptracker-icon-29.png"; sourceTree = "<group>"; };
		900723DB1BD6AAA9009793A0 /* maptracker-icon-40.png */ = {isa = PBXFileReference; lastKnownFileType = image.png; path = "maptracker-icon-40.png"; sourceTree = "<group>"; };
		900723DD1BD6AAA9009793A0 /* maptracker-icon-76.png */ = {isa = PBXFileReference; lastKnownFileType = image.png; path = "maptracker-icon-76.png"; sourceTree = "<group>"; };
		900723DE1BD6AAA9009793A0 /* maptracker-icon-80.png */ = {isa = PBXFileReference; lastKnownFileType = image.png; path = "maptracker-icon-80.png"; sourceTree = "<group>"; };
		900723DF1BD6AAA9009793A0 /* maptracker-icon-87.png */ = {isa = PBXFileReference; lastKnownFileType = image.png; path = "maptracker-icon-87.png"; sourceTree = "<group>"; };
		900723E01BD6AAA9009793A0 /* maptracker-icon-120.png */ = {isa = PBXFileReference; lastKnownFileType = image.png; path = "maptracker-icon-120.png"; sourceTree = "<group>"; };
		900723E11BD6AAA9009793A0 /* maptracker-icon-152.png */ = {isa = PBXFileReference; lastKnownFileType = image.png; path = "maptracker-icon-152.png"; sourceTree = "<group>"; };
		900723E21BD6AAA9009793A0 /* maptracker-icon-180.png */ = {isa = PBXFileReference; lastKnownFileType = image.png; path = "maptracker-icon-180.png"; sourceTree = "<group>"; };
		900723EC1BD6AAE5009793A0 /* maptracker-icon-58.png */ = {isa = PBXFileReference; lastKnownFileType = image.png; path = "maptracker-icon-58.png"; sourceTree = "<group>"; };
		900723EE1BD6ADFA009793A0 /* buttons.xcf */ = {isa = PBXFileReference; lastKnownFileType = file; path = buttons.xcf; sourceTree = "<group>"; };
		900723F01BD6B18E009793A0 /* icon-track-100.png */ = {isa = PBXFileReference; lastKnownFileType = image.png; path = "icon-track-100.png"; sourceTree = "<group>"; };
		900723F21BD6B42D009793A0 /* StyleButton.h */ = {isa = PBXFileReference; fileEncoding = 4; lastKnownFileType = sourcecode.c.h; path = StyleButton.h; sourceTree = "<group>"; };
		900723F31BD6B42D009793A0 /* StyleButton.m */ = {isa = PBXFileReference; fileEncoding = 4; lastKnownFileType = sourcecode.c.objc; path = StyleButton.m; sourceTree = "<group>"; };
		900723F51BD6C7AE009793A0 /* icon-waypointadd-100.png */ = {isa = PBXFileReference; lastKnownFileType = image.png; path = "icon-waypointadd-100.png"; sourceTree = "<group>"; };
		900723F71BD6CC47009793A0 /* waypoint-default-25x28.png */ = {isa = PBXFileReference; lastKnownFileType = image.png; path = "waypoint-default-25x28.png"; sourceTree = "<group>"; };
		900723FA1BD6CC66009793A0 /* waypoints.xcf */ = {isa = PBXFileReference; lastKnownFileType = file; path = waypoints.xcf; sourceTree = "<group>"; };
		900723FB1BD6DC76009793A0 /* offscreen.xcf */ = {isa = PBXFileReference; lastKnownFileType = file; path = offscreen.xcf; sourceTree = "<group>"; };
		900723FC1BD6DC7D009793A0 /* waypoint-offscreen-15.png */ = {isa = PBXFileReference; lastKnownFileType = image.png; path = "waypoint-offscreen-15.png"; sourceTree = "<group>"; };
		900723FE1BD6E541009793A0 /* userlocation-offscreen-15.png */ = {isa = PBXFileReference; lastKnownFileType = image.png; path = "userlocation-offscreen-15.png"; sourceTree = "<group>"; };
		90115C2B1BE4080E002E8B20 /* icon-userlocationlock-100.png */ = {isa = PBXFileReference; lastKnownFileType = image.png; path = "icon-userlocationlock-100.png"; sourceTree = "<group>"; };
		90424EC61BE2857900ADA8E6 /* icon-waypointcamera-100.png */ = {isa = PBXFileReference; lastKnownFileType = image.png; path = "icon-waypointcamera-100.png"; sourceTree = "<group>"; };
		904953861BE3EFF3006D32BD /* tracklog-0.json */ = {isa = PBXFileReference; fileEncoding = 4; lastKnownFileType = text.json; path = "tracklog-0.json"; sourceTree = "<group>"; };
		904953871BE3EFF3006D32BD /* tracklog-1.json */ = {isa = PBXFileReference; fileEncoding = 4; lastKnownFileType = text.json; path = "tracklog-1.json"; sourceTree = "<group>"; };
		904953881BE3EFF3006D32BD /* tracklog-2.json */ = {isa = PBXFileReference; fileEncoding = 4; lastKnownFileType = text.json; path = "tracklog-2.json"; sourceTree = "<group>"; };
		904BFAEA1BE7CD0300014109 /* xsm_edit.png */ = {isa = PBXFileReference; lastKnownFileType = image.png; path = xsm_edit.png; sourceTree = "<group>"; };
		904CFD1E1BDB02AA004947CD /* ok-mnt-wild-horse-canyon.kml */ = {isa = PBXFileReference; fileEncoding = 4; lastKnownFileType = text.xml; path = "ok-mnt-wild-horse-canyon.kml"; sourceTree = "<group>"; };
		904CFD201BDC86AA004947CD /* icon-layers-100.png */ = {isa = PBXFileReference; lastKnownFileType = image.png; path = "icon-layers-100.png"; sourceTree = "<group>"; };
		904CFD221BDC8918004947CD /* icon-userlocation-100.png */ = {isa = PBXFileReference; lastKnownFileType = image.png; path = "icon-userlocation-100.png"; sourceTree = "<group>"; };
		90A5A27C1BD93FB300FFE3F1 /* ok-mnt-park.kml */ = {isa = PBXFileReference; fileEncoding = 4; lastKnownFileType = text.xml; path = "ok-mnt-park.kml"; sourceTree = "<group>"; };
		90A5A27D1BD93FB300FFE3F1 /* ok-mnt-park.png */ = {isa = PBXFileReference; lastKnownFileType = image.png; path = "ok-mnt-park.png"; sourceTree = "<group>"; };
		90A5A2821BD940B800FFE3F1 /* SaxKmlParser.h */ = {isa = PBXFileReference; fileEncoding = 4; lastKnownFileType = sourcecode.c.h; path = SaxKmlParser.h; sourceTree = "<group>"; };
		90A5A2831BD940B800FFE3F1 /* SaxKmlParser.m */ = {isa = PBXFileReference; fileEncoding = 4; lastKnownFileType = sourcecode.c.objc; path = SaxKmlParser.m; sourceTree = "<group>"; };
		90A5A2851BD940E300FFE3F1 /* SaxKmlParserDelegate.h */ = {isa = PBXFileReference; lastKnownFileType = sourcecode.c.h; path = SaxKmlParserDelegate.h; sourceTree = "<group>"; };
		90A5A2871BD95A6600FFE3F1 /* MKImageOverlay.h */ = {isa = PBXFileReference; fileEncoding = 4; lastKnownFileType = sourcecode.c.h; path = MKImageOverlay.h; sourceTree = "<group>"; };
		90A5A2881BD95A6600FFE3F1 /* MKImageOverlay.m */ = {isa = PBXFileReference; fileEncoding = 4; lastKnownFileType = sourcecode.c.objc; path = MKImageOverlay.m; sourceTree = "<group>"; };
		90A5A28A1BD95A7600FFE3F1 /* MKImageOverlayRenderer.h */ = {isa = PBXFileReference; fileEncoding = 4; lastKnownFileType = sourcecode.c.h; path = MKImageOverlayRenderer.h; sourceTree = "<group>"; };
		90A5A28B1BD95A7600FFE3F1 /* MKImageOverlayRenderer.m */ = {isa = PBXFileReference; fileEncoding = 4; lastKnownFileType = sourcecode.c.objc; path = MKImageOverlayRenderer.m; sourceTree = "<group>"; };
		90A5A28D1BD9AB5800FFE3F1 /* ok-mnt-places.kml */ = {isa = PBXFileReference; fileEncoding = 4; lastKnownFileType = text.xml; path = "ok-mnt-places.kml"; sourceTree = "<group>"; };
		90AAFE751BE7F3EB00CF927C /* SaxParserTests.m */ = {isa = PBXFileReference; fileEncoding = 4; lastKnownFileType = sourcecode.c.objc; path = SaxParserTests.m; sourceTree = "<group>"; };
		90AEDFF01BE2D4B7002316FF /* MKPhotoAnnotation.h */ = {isa = PBXFileReference; fileEncoding = 4; lastKnownFileType = sourcecode.c.h; path = MKPhotoAnnotation.h; sourceTree = "<group>"; };
		90AEDFF11BE2D4B7002316FF /* MKPhotoAnnotation.m */ = {isa = PBXFileReference; fileEncoding = 4; lastKnownFileType = sourcecode.c.objc; path = MKPhotoAnnotation.m; sourceTree = "<group>"; };
		90B920D71BE16FF5004CC6EF /* buttons.xcf */ = {isa = PBXFileReference; lastKnownFileType = file; path = buttons.xcf; sourceTree = "<group>"; };
		90B920D81BE179A6004CC6EF /* icon-waypointdrop-100.png */ = {isa = PBXFileReference; lastKnownFileType = image.png; path = "icon-waypointdrop-100.png"; sourceTree = "<group>"; };
		90CB077F1BE01370004F9183 /* MKOffscreenFeatureRenderer.h */ = {isa = PBXFileReference; fileEncoding = 4; lastKnownFileType = sourcecode.c.h; path = MKOffscreenFeatureRenderer.h; sourceTree = "<group>"; };
		90CB07801BE01370004F9183 /* MKOffscreenFeatureRenderer.m */ = {isa = PBXFileReference; fileEncoding = 4; lastKnownFileType = sourcecode.c.objc; path = MKOffscreenFeatureRenderer.m; sourceTree = "<group>"; };
		90CB07821BE0139D004F9183 /* MKOffscreenFeatureRendererDelegate.h */ = {isa = PBXFileReference; lastKnownFileType = sourcecode.c.h; path = MKOffscreenFeatureRendererDelegate.h; sourceTree = "<group>"; };
		90CB07841BE02E0E004F9183 /* MKUserTracker.h */ = {isa = PBXFileReference; fileEncoding = 4; lastKnownFileType = sourcecode.c.h; path = MKUserTracker.h; sourceTree = "<group>"; };
		90CB07851BE02E0E004F9183 /* MKUserTracker.m */ = {isa = PBXFileReference; fileEncoding = 4; lastKnownFileType = sourcecode.c.objc; path = MKUserTracker.m; sourceTree = "<group>"; };
		90CB07871BE0311A004F9183 /* MKUserTrackerDelegate.h */ = {isa = PBXFileReference; lastKnownFileType = sourcecode.c.h; path = MKUserTrackerDelegate.h; sourceTree = "<group>"; };
		90EB2CA71BE3402100C0F975 /* MockCLLocationManager.h */ = {isa = PBXFileReference; fileEncoding = 4; lastKnownFileType = sourcecode.c.h; path = MockCLLocationManager.h; sourceTree = "<group>"; };
		90EB2CA81BE3402100C0F975 /* MockCLLocationManager.m */ = {isa = PBXFileReference; fileEncoding = 4; lastKnownFileType = sourcecode.c.objc; path = MockCLLocationManager.m; sourceTree = "<group>"; };
/* End PBXFileReference section */

/* Begin PBXFrameworksBuildPhase section */
		9007239E1BD592B6009793A0 /* Frameworks */ = {
			isa = PBXFrameworksBuildPhase;
			buildActionMask = 2147483647;
			files = (
				900723D81BD5958E009793A0 /* MapKit.framework in Frameworks */,
			);
			runOnlyForDeploymentPostprocessing = 0;
		};
		900723B71BD592B9009793A0 /* Frameworks */ = {
			isa = PBXFrameworksBuildPhase;
			buildActionMask = 2147483647;
			files = (
			);
			runOnlyForDeploymentPostprocessing = 0;
		};
		900723C21BD592B9009793A0 /* Frameworks */ = {
			isa = PBXFrameworksBuildPhase;
			buildActionMask = 2147483647;
			files = (
			);
			runOnlyForDeploymentPostprocessing = 0;
		};
/* End PBXFrameworksBuildPhase section */

/* Begin PBXGroup section */
		900723981BD592B4009793A0 = {
			isa = PBXGroup;
			children = (
				900723D71BD5958E009793A0 /* MapKit.framework */,
				900723A31BD592B7009793A0 /* MapTrack */,
				900723BD1BD592B9009793A0 /* MapTrackTests */,
				900723C81BD592BA009793A0 /* MapTrackUITests */,
				900723A21BD592B7009793A0 /* Products */,
			);
			sourceTree = "<group>";
		};
		900723A21BD592B7009793A0 /* Products */ = {
			isa = PBXGroup;
			children = (
				900723A11BD592B7009793A0 /* MapTrack.app */,
				900723BA1BD592B9009793A0 /* MapTrackTests.xctest */,
				900723C51BD592B9009793A0 /* MapTrackUITests.xctest */,
			);
			name = Products;
			sourceTree = "<group>";
		};
		900723A31BD592B7009793A0 /* MapTrack */ = {
			isa = PBXGroup;
			children = (
				90CB07831BE02DE6004F9183 /* userTracking */,
				90CB077E1BE01310004F9183 /* offscreenFeatures */,
				90A5A2861BD95A3E00FFE3F1 /* overlays */,
				90A5A2811BD940A200FFE3F1 /* parser */,
				900723F91BD6CC4B009793A0 /* waypoints */,
				900723EF1BD6B180009793A0 /* buttons */,
				907C79551BD63A61001AEFD8 /* appicon */,
				900723A71BD592B7009793A0 /* AppDelegate.h */,
				900723A81BD592B7009793A0 /* AppDelegate.m */,
				900723AA1BD592B7009793A0 /* ViewController.h */,
				900723AB1BD592B7009793A0 /* ViewController.m */,
				900723AD1BD592B8009793A0 /* Main.storyboard */,
				900723B01BD592B8009793A0 /* Assets.xcassets */,
				900723B21BD592B8009793A0 /* LaunchScreen.storyboard */,
				900723B51BD592B8009793A0 /* Info.plist */,
				900723A41BD592B7009793A0 /* Supporting Files */,
			);
			path = MapTrack;
			sourceTree = "<group>";
		};
		900723A41BD592B7009793A0 /* Supporting Files */ = {
			isa = PBXGroup;
			children = (
				900723A51BD592B7009793A0 /* main.m */,
			);
			name = "Supporting Files";
			sourceTree = "<group>";
		};
		900723BD1BD592B9009793A0 /* MapTrackTests */ = {
			isa = PBXGroup;
			children = (
				90A5A2791BD93CC300FFE3F1 /* sampledata */,
				900723BE1BD592B9009793A0 /* MapTrackTests.m */,
				900723C01BD592B9009793A0 /* Info.plist */,
				90AAFE751BE7F3EB00CF927C /* SaxParserTests.m */,
			);
			path = MapTrackTests;
			sourceTree = "<group>";
		};
		900723C81BD592BA009793A0 /* MapTrackUITests */ = {
			isa = PBXGroup;
			children = (
				900723C91BD592BA009793A0 /* MapTrackUITests.m */,
				900723CB1BD592BA009793A0 /* Info.plist */,
			);
			path = MapTrackUITests;
			sourceTree = "<group>";
		};
		900723EF1BD6B180009793A0 /* buttons */ = {
			isa = PBXGroup;
			children = (
				904BFAEA1BE7CD0300014109 /* xsm_edit.png */,
				904CFD201BDC86AA004947CD /* icon-layers-100.png */,
				900723F01BD6B18E009793A0 /* icon-track-100.png */,
				900723F51BD6C7AE009793A0 /* icon-waypointadd-100.png */,
				90B920D81BE179A6004CC6EF /* icon-waypointdrop-100.png */,
				90424EC61BE2857900ADA8E6 /* icon-waypointcamera-100.png */,
				904CFD221BDC8918004947CD /* icon-userlocation-100.png */,
				90115C2B1BE4080E002E8B20 /* icon-userlocationlock-100.png */,
				90B920D71BE16FF5004CC6EF /* buttons.xcf */,
				900723F21BD6B42D009793A0 /* StyleButton.h */,
				900723F31BD6B42D009793A0 /* StyleButton.m */,
			);
			name = buttons;
			sourceTree = "<group>";
		};
		900723F91BD6CC4B009793A0 /* waypoints */ = {
			isa = PBXGroup;
			children = (
				900723F71BD6CC47009793A0 /* waypoint-default-25x28.png */,
				900723FC1BD6DC7D009793A0 /* waypoint-offscreen-15.png */,
				900723FE1BD6E541009793A0 /* userlocation-offscreen-15.png */,
				900723FA1BD6CC66009793A0 /* waypoints.xcf */,
				900723FB1BD6DC76009793A0 /* offscreen.xcf */,
			);
			name = waypoints;
			sourceTree = "<group>";
		};
		907C79551BD63A61001AEFD8 /* appicon */ = {
			isa = PBXGroup;
			children = (
				900723DA1BD6AAA9009793A0 /* maptracker-icon-29.png */,
				900723DB1BD6AAA9009793A0 /* maptracker-icon-40.png */,
				900723EC1BD6AAE5009793A0 /* maptracker-icon-58.png */,
				900723DD1BD6AAA9009793A0 /* maptracker-icon-76.png */,
				900723DE1BD6AAA9009793A0 /* maptracker-icon-80.png */,
				900723DF1BD6AAA9009793A0 /* maptracker-icon-87.png */,
				900723E01BD6AAA9009793A0 /* maptracker-icon-120.png */,
				900723E11BD6AAA9009793A0 /* maptracker-icon-152.png */,
				900723E21BD6AAA9009793A0 /* maptracker-icon-180.png */,
				900723D91BD6A948009793A0 /* appicon.xcf */,
				900723EE1BD6ADFA009793A0 /* buttons.xcf */,
			);
			name = appicon;
			sourceTree = "<group>";
		};
		90A5A2791BD93CC300FFE3F1 /* sampledata */ = {
			isa = PBXGroup;
			children = (
				90A5A28D1BD9AB5800FFE3F1 /* ok-mnt-places.kml */,
				90A5A27C1BD93FB300FFE3F1 /* ok-mnt-park.kml */,
				90A5A27D1BD93FB300FFE3F1 /* ok-mnt-park.png */,
				904CFD1E1BDB02AA004947CD /* ok-mnt-wild-horse-canyon.kml */,
				904953861BE3EFF3006D32BD /* tracklog-0.json */,
				904953871BE3EFF3006D32BD /* tracklog-1.json */,
				904953881BE3EFF3006D32BD /* tracklog-2.json */,
			);
			name = sampledata;
			path = ../MapTrack;
			sourceTree = "<group>";
		};
		90A5A2811BD940A200FFE3F1 /* parser */ = {
			isa = PBXGroup;
			children = (
				90A5A2821BD940B800FFE3F1 /* SaxKmlParser.h */,
				90A5A2831BD940B800FFE3F1 /* SaxKmlParser.m */,
				90A5A2851BD940E300FFE3F1 /* SaxKmlParserDelegate.h */,
			);
			name = parser;
			sourceTree = "<group>";
		};
		90A5A2861BD95A3E00FFE3F1 /* overlays */ = {
			isa = PBXGroup;
			children = (
				90A5A2871BD95A6600FFE3F1 /* MKImageOverlay.h */,
				90A5A2881BD95A6600FFE3F1 /* MKImageOverlay.m */,
				90A5A28A1BD95A7600FFE3F1 /* MKImageOverlayRenderer.h */,
				90A5A28B1BD95A7600FFE3F1 /* MKImageOverlayRenderer.m */,
				90AEDFF01BE2D4B7002316FF /* MKPhotoAnnotation.h */,
				90AEDFF11BE2D4B7002316FF /* MKPhotoAnnotation.m */,
			);
			name = overlays;
			sourceTree = "<group>";
		};
		90CB077E1BE01310004F9183 /* offscreenFeatures */ = {
			isa = PBXGroup;
			children = (
				90CB077F1BE01370004F9183 /* MKOffscreenFeatureRenderer.h */,
				90CB07801BE01370004F9183 /* MKOffscreenFeatureRenderer.m */,
				90CB07821BE0139D004F9183 /* MKOffscreenFeatureRendererDelegate.h */,
			);
			name = offscreenFeatures;
			sourceTree = "<group>";
		};
		90CB07831BE02DE6004F9183 /* userTracking */ = {
			isa = PBXGroup;
			children = (
				90CB07841BE02E0E004F9183 /* MKUserTracker.h */,
				90CB07851BE02E0E004F9183 /* MKUserTracker.m */,
				90CB07871BE0311A004F9183 /* MKUserTrackerDelegate.h */,
				90EB2CA71BE3402100C0F975 /* MockCLLocationManager.h */,
				90EB2CA81BE3402100C0F975 /* MockCLLocationManager.m */,
			);
			name = userTracking;
			sourceTree = "<group>";
		};
/* End PBXGroup section */

/* Begin PBXNativeTarget section */
		900723A01BD592B6009793A0 /* MapTrack */ = {
			isa = PBXNativeTarget;
			buildConfigurationList = 900723CE1BD592BA009793A0 /* Build configuration list for PBXNativeTarget "MapTrack" */;
			buildPhases = (
				9007239D1BD592B6009793A0 /* Sources */,
				9007239E1BD592B6009793A0 /* Frameworks */,
				9007239F1BD592B6009793A0 /* Resources */,
			);
			buildRules = (
			);
			dependencies = (
			);
			name = MapTrack;
			productName = MapTrack;
			productReference = 900723A11BD592B7009793A0 /* MapTrack.app */;
			productType = "com.apple.product-type.application";
		};
		900723B91BD592B9009793A0 /* MapTrackTests */ = {
			isa = PBXNativeTarget;
			buildConfigurationList = 900723D11BD592BA009793A0 /* Build configuration list for PBXNativeTarget "MapTrackTests" */;
			buildPhases = (
				900723B61BD592B9009793A0 /* Sources */,
				900723B71BD592B9009793A0 /* Frameworks */,
				900723B81BD592B9009793A0 /* Resources */,
			);
			buildRules = (
			);
			dependencies = (
				900723BC1BD592B9009793A0 /* PBXTargetDependency */,
			);
			name = MapTrackTests;
			productName = MapTrackTests;
			productReference = 900723BA1BD592B9009793A0 /* MapTrackTests.xctest */;
			productType = "com.apple.product-type.bundle.unit-test";
		};
		900723C41BD592B9009793A0 /* MapTrackUITests */ = {
			isa = PBXNativeTarget;
			buildConfigurationList = 900723D41BD592BA009793A0 /* Build configuration list for PBXNativeTarget "MapTrackUITests" */;
			buildPhases = (
				900723C11BD592B9009793A0 /* Sources */,
				900723C21BD592B9009793A0 /* Frameworks */,
				900723C31BD592B9009793A0 /* Resources */,
			);
			buildRules = (
			);
			dependencies = (
				900723C71BD592B9009793A0 /* PBXTargetDependency */,
			);
			name = MapTrackUITests;
			productName = MapTrackUITests;
			productReference = 900723C51BD592B9009793A0 /* MapTrackUITests.xctest */;
			productType = "com.apple.product-type.bundle.ui-testing";
		};
/* End PBXNativeTarget section */

/* Begin PBXProject section */
		900723991BD592B4009793A0 /* Project object */ = {
			isa = PBXProject;
			attributes = {
				LastUpgradeCheck = 0700;
				ORGANIZATIONNAME = "Nick Blackwell";
				TargetAttributes = {
					900723A01BD592B6009793A0 = {
						CreatedOnToolsVersion = 7.0;
						SystemCapabilities = {
							com.apple.BackgroundModes = {
								enabled = 1;
							};
							com.apple.Maps.iOS = {
								enabled = 1;
							};
						};
					};
					900723B91BD592B9009793A0 = {
						CreatedOnToolsVersion = 7.0;
						TestTargetID = 900723A01BD592B6009793A0;
					};
					900723C41BD592B9009793A0 = {
						CreatedOnToolsVersion = 7.0;
						TestTargetID = 900723A01BD592B6009793A0;
					};
				};
			};
			buildConfigurationList = 9007239C1BD592B5009793A0 /* Build configuration list for PBXProject "MapTrack" */;
			compatibilityVersion = "Xcode 3.2";
			developmentRegion = English;
			hasScannedForEncodings = 0;
			knownRegions = (
				en,
				Base,
			);
			mainGroup = 900723981BD592B4009793A0;
			productRefGroup = 900723A21BD592B7009793A0 /* Products */;
			projectDirPath = "";
			projectRoot = "";
			targets = (
				900723A01BD592B6009793A0 /* MapTrack */,
				900723B91BD592B9009793A0 /* MapTrackTests */,
				900723C41BD592B9009793A0 /* MapTrackUITests */,
			);
		};
/* End PBXProject section */

/* Begin PBXResourcesBuildPhase section */
		9007239F1BD592B6009793A0 /* Resources */ = {
			isa = PBXResourcesBuildPhase;
			buildActionMask = 2147483647;
			files = (
				904CFD231BDC8918004947CD /* icon-userlocation-100.png in Resources */,
				900723F81BD6CC47009793A0 /* waypoint-default-25x28.png in Resources */,
				900723EB1BD6AAA9009793A0 /* maptracker-icon-180.png in Resources */,
				900723E81BD6AAA9009793A0 /* maptracker-icon-87.png in Resources */,
				900723E31BD6AAA9009793A0 /* maptracker-icon-29.png in Resources */,
				900723B41BD592B8009793A0 /* LaunchScreen.storyboard in Resources */,
				900723E61BD6AAA9009793A0 /* maptracker-icon-76.png in Resources */,
				904BFAEB1BE7CD0400014109 /* xsm_edit.png in Resources */,
				90115C2C1BE4080E002E8B20 /* icon-userlocationlock-100.png in Resources */,
				900723F11BD6B18E009793A0 /* icon-track-100.png in Resources */,
				900723F61BD6C7AF009793A0 /* icon-waypointadd-100.png in Resources */,
				900723ED1BD6AAE5009793A0 /* maptracker-icon-58.png in Resources */,
				900723E71BD6AAA9009793A0 /* maptracker-icon-80.png in Resources */,
				900723E91BD6AAA9009793A0 /* maptracker-icon-120.png in Resources */,
				904CFD211BDC86AA004947CD /* icon-layers-100.png in Resources */,
				900723FD1BD6DC7D009793A0 /* waypoint-offscreen-15.png in Resources */,
				900723B11BD592B8009793A0 /* Assets.xcassets in Resources */,
				90B920D91BE179A6004CC6EF /* icon-waypointdrop-100.png in Resources */,
				900723E41BD6AAA9009793A0 /* maptracker-icon-40.png in Resources */,
				90424EC71BE2857900ADA8E6 /* icon-waypointcamera-100.png in Resources */,
				900723FF1BD6E541009793A0 /* userlocation-offscreen-15.png in Resources */,
				900723EA1BD6AAA9009793A0 /* maptracker-icon-152.png in Resources */,
				900723AF1BD592B8009793A0 /* Main.storyboard in Resources */,
			);
			runOnlyForDeploymentPostprocessing = 0;
		};
		900723B81BD592B9009793A0 /* Resources */ = {
			isa = PBXResourcesBuildPhase;
			buildActionMask = 2147483647;
			files = (
				901B796E1BE7FF0F00D28CD2 /* tracklog-2.json in Resources */,
				901B796B1BE7FF0F00D28CD2 /* ok-mnt-wild-horse-canyon.kml in Resources */,
				901B796A1BE7FF0F00D28CD2 /* ok-mnt-park.png in Resources */,
				901B79691BE7FF0F00D28CD2 /* ok-mnt-park.kml in Resources */,
				901B79681BE7FF0F00D28CD2 /* ok-mnt-places.kml in Resources */,
				901B796D1BE7FF0F00D28CD2 /* tracklog-1.json in Resources */,
				901B796C1BE7FF0F00D28CD2 /* tracklog-0.json in Resources */,
			);
			runOnlyForDeploymentPostprocessing = 0;
		};
		900723C31BD592B9009793A0 /* Resources */ = {
			isa = PBXResourcesBuildPhase;
			buildActionMask = 2147483647;
			files = (
			);
			runOnlyForDeploymentPostprocessing = 0;
		};
/* End PBXResourcesBuildPhase section */

/* Begin PBXSourcesBuildPhase section */
		9007239D1BD592B6009793A0 /* Sources */ = {
			isa = PBXSourcesBuildPhase;
			buildActionMask = 2147483647;
			files = (
				900723AC1BD592B7009793A0 /* ViewController.m in Sources */,
				90A5A2841BD940B800FFE3F1 /* SaxKmlParser.m in Sources */,
				90CB07861BE02E0E004F9183 /* MKUserTracker.m in Sources */,
				90EB2CA91BE3402100C0F975 /* MockCLLocationManager.m in Sources */,
				90A5A28C1BD95A7600FFE3F1 /* MKImageOverlayRenderer.m in Sources */,
				90AEDFF21BE2D4B7002316FF /* MKPhotoAnnotation.m in Sources */,
				900723F41BD6B42D009793A0 /* StyleButton.m in Sources */,
				900723A91BD592B7009793A0 /* AppDelegate.m in Sources */,
				90CB07811BE01370004F9183 /* MKOffscreenFeatureRenderer.m in Sources */,
				90A5A2891BD95A6600FFE3F1 /* MKImageOverlay.m in Sources */,
				900723A61BD592B7009793A0 /* main.m in Sources */,
			);
			runOnlyForDeploymentPostprocessing = 0;
		};
		900723B61BD592B9009793A0 /* Sources */ = {
			isa = PBXSourcesBuildPhase;
			buildActionMask = 2147483647;
			files = (
				900723BF1BD592B9009793A0 /* MapTrackTests.m in Sources */,
				90AAFE761BE7F3EB00CF927C /* SaxParserTests.m in Sources */,
			);
			runOnlyForDeploymentPostprocessing = 0;
		};
		900723C11BD592B9009793A0 /* Sources */ = {
			isa = PBXSourcesBuildPhase;
			buildActionMask = 2147483647;
			files = (
				900723CA1BD592BA009793A0 /* MapTrackUITests.m in Sources */,
			);
			runOnlyForDeploymentPostprocessing = 0;
		};
/* End PBXSourcesBuildPhase section */

/* Begin PBXTargetDependency section */
		900723BC1BD592B9009793A0 /* PBXTargetDependency */ = {
			isa = PBXTargetDependency;
			target = 900723A01BD592B6009793A0 /* MapTrack */;
			targetProxy = 900723BB1BD592B9009793A0 /* PBXContainerItemProxy */;
		};
		900723C71BD592B9009793A0 /* PBXTargetDependency */ = {
			isa = PBXTargetDependency;
			target = 900723A01BD592B6009793A0 /* MapTrack */;
			targetProxy = 900723C61BD592B9009793A0 /* PBXContainerItemProxy */;
		};
/* End PBXTargetDependency section */

/* Begin PBXVariantGroup section */
		900723AD1BD592B8009793A0 /* Main.storyboard */ = {
			isa = PBXVariantGroup;
			children = (
				900723AE1BD592B8009793A0 /* Base */,
			);
			name = Main.storyboard;
			sourceTree = "<group>";
		};
		900723B21BD592B8009793A0 /* LaunchScreen.storyboard */ = {
			isa = PBXVariantGroup;
			children = (
				900723B31BD592B8009793A0 /* Base */,
			);
			name = LaunchScreen.storyboard;
			sourceTree = "<group>";
		};
/* End PBXVariantGroup section */

/* Begin XCBuildConfiguration section */
		900723CC1BD592BA009793A0 /* Debug */ = {
			isa = XCBuildConfiguration;
			buildSettings = {
				ALWAYS_SEARCH_USER_PATHS = NO;
				CLANG_CXX_LANGUAGE_STANDARD = "gnu++0x";
				CLANG_CXX_LIBRARY = "libc++";
				CLANG_ENABLE_MODULES = YES;
				CLANG_ENABLE_OBJC_ARC = YES;
				CLANG_WARN_BOOL_CONVERSION = YES;
				CLANG_WARN_CONSTANT_CONVERSION = YES;
				CLANG_WARN_DIRECT_OBJC_ISA_USAGE = YES_ERROR;
				CLANG_WARN_EMPTY_BODY = YES;
				CLANG_WARN_ENUM_CONVERSION = YES;
				CLANG_WARN_INT_CONVERSION = YES;
				CLANG_WARN_OBJC_ROOT_CLASS = YES_ERROR;
				CLANG_WARN_UNREACHABLE_CODE = YES;
				CLANG_WARN__DUPLICATE_METHOD_MATCH = YES;
				"CODE_SIGN_IDENTITY[sdk=iphoneos*]" = "iPhone Developer";
				COPY_PHASE_STRIP = NO;
				DEBUG_INFORMATION_FORMAT = dwarf;
				ENABLE_STRICT_OBJC_MSGSEND = YES;
				ENABLE_TESTABILITY = YES;
				GCC_C_LANGUAGE_STANDARD = gnu99;
				GCC_DYNAMIC_NO_PIC = NO;
				GCC_NO_COMMON_BLOCKS = YES;
				GCC_OPTIMIZATION_LEVEL = 0;
				GCC_PREPROCESSOR_DEFINITIONS = (
					"DEBUG=1",
					"$(inherited)",
				);
				GCC_WARN_64_TO_32_BIT_CONVERSION = YES;
				GCC_WARN_ABOUT_RETURN_TYPE = YES_ERROR;
				GCC_WARN_UNDECLARED_SELECTOR = YES;
				GCC_WARN_UNINITIALIZED_AUTOS = YES_AGGRESSIVE;
				GCC_WARN_UNUSED_FUNCTION = YES;
				GCC_WARN_UNUSED_VARIABLE = YES;
				IPHONEOS_DEPLOYMENT_TARGET = 9.0;
				MTL_ENABLE_DEBUG_INFO = YES;
				ONLY_ACTIVE_ARCH = YES;
				SDKROOT = iphoneos;
				TARGETED_DEVICE_FAMILY = "1,2";
			};
			name = Debug;
		};
		900723CD1BD592BA009793A0 /* Release */ = {
			isa = XCBuildConfiguration;
			buildSettings = {
				ALWAYS_SEARCH_USER_PATHS = NO;
				CLANG_CXX_LANGUAGE_STANDARD = "gnu++0x";
				CLANG_CXX_LIBRARY = "libc++";
				CLANG_ENABLE_MODULES = YES;
				CLANG_ENABLE_OBJC_ARC = YES;
				CLANG_WARN_BOOL_CONVERSION = YES;
				CLANG_WARN_CONSTANT_CONVERSION = YES;
				CLANG_WARN_DIRECT_OBJC_ISA_USAGE = YES_ERROR;
				CLANG_WARN_EMPTY_BODY = YES;
				CLANG_WARN_ENUM_CONVERSION = YES;
				CLANG_WARN_INT_CONVERSION = YES;
				CLANG_WARN_OBJC_ROOT_CLASS = YES_ERROR;
				CLANG_WARN_UNREACHABLE_CODE = YES;
				CLANG_WARN__DUPLICATE_METHOD_MATCH = YES;
				"CODE_SIGN_IDENTITY[sdk=iphoneos*]" = "iPhone Developer";
				COPY_PHASE_STRIP = NO;
				DEBUG_INFORMATION_FORMAT = "dwarf-with-dsym";
				ENABLE_NS_ASSERTIONS = NO;
				ENABLE_STRICT_OBJC_MSGSEND = YES;
				GCC_C_LANGUAGE_STANDARD = gnu99;
				GCC_NO_COMMON_BLOCKS = YES;
				GCC_WARN_64_TO_32_BIT_CONVERSION = YES;
				GCC_WARN_ABOUT_RETURN_TYPE = YES_ERROR;
				GCC_WARN_UNDECLARED_SELECTOR = YES;
				GCC_WARN_UNINITIALIZED_AUTOS = YES_AGGRESSIVE;
				GCC_WARN_UNUSED_FUNCTION = YES;
				GCC_WARN_UNUSED_VARIABLE = YES;
				IPHONEOS_DEPLOYMENT_TARGET = 9.0;
				MTL_ENABLE_DEBUG_INFO = NO;
				SDKROOT = iphoneos;
				TARGETED_DEVICE_FAMILY = "1,2";
				VALIDATE_PRODUCT = YES;
			};
			name = Release;
		};
		900723CF1BD592BA009793A0 /* Debug */ = {
			isa = XCBuildConfiguration;
			buildSettings = {
				ASSETCATALOG_COMPILER_APPICON_NAME = AppIcon;
				INFOPLIST_FILE = MapTrack/Info.plist;
				IPHONEOS_DEPLOYMENT_TARGET = 8.0;
				LD_RUNPATH_SEARCH_PATHS = "$(inherited) @executable_path/Frameworks";
				PRODUCT_BUNDLE_IDENTIFIER = "Nick-Blackwell.MapTrack";
				PRODUCT_NAME = "$(TARGET_NAME)";
			};
			name = Debug;
		};
		900723D01BD592BA009793A0 /* Release */ = {
			isa = XCBuildConfiguration;
			buildSettings = {
				ASSETCATALOG_COMPILER_APPICON_NAME = AppIcon;
				INFOPLIST_FILE = MapTrack/Info.plist;
				IPHONEOS_DEPLOYMENT_TARGET = 8.0;
				LD_RUNPATH_SEARCH_PATHS = "$(inherited) @executable_path/Frameworks";
				PRODUCT_BUNDLE_IDENTIFIER = "Nick-Blackwell.MapTrack";
				PRODUCT_NAME = "$(TARGET_NAME)";
			};
			name = Release;
		};
		900723D21BD592BA009793A0 /* Debug */ = {
			isa = XCBuildConfiguration;
			buildSettings = {
				BUNDLE_LOADER = "$(TEST_HOST)";
				INFOPLIST_FILE = MapTrackTests/Info.plist;
				LD_RUNPATH_SEARCH_PATHS = "$(inherited) @executable_path/Frameworks @loader_path/Frameworks";
				PRODUCT_BUNDLE_IDENTIFIER = "Nick-Blackwell.MapTrackTests";
				PRODUCT_NAME = "$(TARGET_NAME)";
				TEST_HOST = "$(BUILT_PRODUCTS_DIR)/MapTrack.app/MapTrack";
			};
			name = Debug;
		};
		900723D31BD592BA009793A0 /* Release */ = {
			isa = XCBuildConfiguration;
			buildSettings = {
				BUNDLE_LOADER = "$(TEST_HOST)";
				INFOPLIST_FILE = MapTrackTests/Info.plist;
				LD_RUNPATH_SEARCH_PATHS = "$(inherited) @executable_path/Frameworks @loader_path/Frameworks";
				PRODUCT_BUNDLE_IDENTIFIER = "Nick-Blackwell.MapTrackTests";
				PRODUCT_NAME = "$(TARGET_NAME)";
				TEST_HOST = "$(BUILT_PRODUCTS_DIR)/MapTrack.app/MapTrack";
			};
			name = Release;
		};
		900723D51BD592BA009793A0 /* Debug */ = {
			isa = XCBuildConfiguration;
			buildSettings = {
				INFOPLIST_FILE = MapTrackUITests/Info.plist;
				LD_RUNPATH_SEARCH_PATHS = "$(inherited) @executable_path/Frameworks @loader_path/Frameworks";
				PRODUCT_BUNDLE_IDENTIFIER = "Nick-Blackwell.MapTrackUITests";
				PRODUCT_NAME = "$(TARGET_NAME)";
				TEST_TARGET_NAME = MapTrack;
				USES_XCTRUNNER = YES;
			};
			name = Debug;
		};
		900723D61BD592BA009793A0 /* Release */ = {
			isa = XCBuildConfiguration;
			buildSettings = {
				INFOPLIST_FILE = MapTrackUITests/Info.plist;
				LD_RUNPATH_SEARCH_PATHS = "$(inherited) @executable_path/Frameworks @loader_path/Frameworks";
				PRODUCT_BUNDLE_IDENTIFIER = "Nick-Blackwell.MapTrackUITests";
				PRODUCT_NAME = "$(TARGET_NAME)";
				TEST_TARGET_NAME = MapTrack;
				USES_XCTRUNNER = YES;
			};
			name = Release;
		};
/* End XCBuildConfiguration section */

/* Begin XCConfigurationList section */
		9007239C1BD592B5009793A0 /* Build configuration list for PBXProject "MapTrack" */ = {
			isa = XCConfigurationList;
			buildConfigurations = (
				900723CC1BD592BA009793A0 /* Debug */,
				900723CD1BD592BA009793A0 /* Release */,
			);
			defaultConfigurationIsVisible = 0;
			defaultConfigurationName = Release;
		};
		900723CE1BD592BA009793A0 /* Build configuration list for PBXNativeTarget "MapTrack" */ = {
			isa = XCConfigurationList;
			buildConfigurations = (
				900723CF1BD592BA009793A0 /* Debug */,
				900723D01BD592BA009793A0 /* Release */,
			);
			defaultConfigurationIsVisible = 0;
			defaultConfigurationName = Release;
		};
		900723D11BD592BA009793A0 /* Build configuration list for PBXNativeTarget "MapTrackTests" */ = {
			isa = XCConfigurationList;
			buildConfigurations = (
				900723D21BD592BA009793A0 /* Debug */,
				900723D31BD592BA009793A0 /* Release */,
			);
			defaultConfigurationIsVisible = 0;
			defaultConfigurationName = Release;
		};
		900723D41BD592BA009793A0 /* Build configuration list for PBXNativeTarget "MapTrackUITests" */ = {
			isa = XCConfigurationList;
			buildConfigurations = (
				900723D51BD592BA009793A0 /* Debug */,
				900723D61BD592BA009793A0 /* Release */,
			);
			defaultConfigurationIsVisible = 0;
			defaultConfigurationName = Release;
		};
/* End XCConfigurationList section */
	};
	rootObject = 900723991BD592B4009793A0 /* Project object */;
}
